
Microsoft Visual Studio Solution File, Format Version 12.00
# Visual Studio 2013
VisualStudioVersion = 12.0.31101.0
MinimumVisualStudioVersion = 10.0.40219.1
Project("{FAE04EC0-301F-11D3-BF4B-00C04F79EFBC}") = "WordLadder", "WordLadder\WordLadder.csproj", "{949C5E00-8AD3-43E4-9762-FBFED77EDDE3}"
EndProject
Project("{FAE04EC0-301F-11D3-BF4B-00C04F79EFBC}") = "WordLadderTests", "WordLadderTests\WordLadderTests.csproj", "{B280FF5D-58E0-46C9-B254-75C726E48130}"
EndProject
Global
	GlobalSection(SolutionConfigurationPlatforms) = preSolution
		Debug|Any CPU = Debug|Any CPU
		Release|Any CPU = Release|Any CPU
	EndGlobalSection
	GlobalSection(ProjectConfigurationPlatforms) = postSolution
		{949C5E00-8AD3-43E4-9762-FBFED77EDDE3}.Debug|Any CPU.ActiveCfg = Debug|Any CPU
		{949C5E00-8AD3-43E4-9762-FBFED77EDDE3}.Debug|Any CPU.Build.0 = Debug|Any CPU
		{949C5E00-8AD3-43E4-9762-FBFED77EDDE3}.Release|Any CPU.ActiveCfg = Release|Any CPU
		{949C5E00-8AD3-43E4-9762-FBFED77EDDE3}.Release|Any CPU.Build.0 = Release|Any CPU
		{B280FF5D-58E0-46C9-B254-75C726E48130}.Debug|Any CPU.ActiveCfg = Debug|Any CPU
		{B280FF5D-58E0-46C9-B254-75C726E48130}.Debug|Any CPU.Build.0 = Debug|Any CPU
		{B280FF5D-58E0-46C9-B254-75C726E48130}.Release|Any CPU.ActiveCfg = Release|Any CPU
		{B280FF5D-58E0-46C9-B254-75C726E48130}.Release|Any CPU.Build.0 = Release|Any CPU
	EndGlobalSection
	GlobalSection(SolutionProperties) = preSolution
		HideSolutionNode = FALSE
	EndGlobalSection
EndGlobal
